
Microsoft Visual Studio Solution File, Format Version 12.00
# Visual Studio 15
VisualStudioVersion = 15.0.28307.1831
MinimumVisualStudioVersion = 10.0.40219.1
Project("{8BC9CEB8-8B4A-11D0-8D11-00A0C91BC942}") = "InjectTool", "InjectTool\InjectTool.vcxproj", "{E49E7B35-4027-4E55-95D8-7EAA5AD4EDE8}"
EndProject
Global
	GlobalSection(SolutionConfigurationPlatforms) = preSolution
		Debug|x64 = Debug|x64
		Debug|x86 = Debug|x86
		Release|x64 = Release|x64
		Release|x86 = Release|x86
	EndGlobalSection
	GlobalSection(ProjectConfigurationPlatforms) = postSolution
		{E49E7B35-4027-4E55-95D8-7EAA5AD4EDE8}.Debug|x64.ActiveCfg = Debug|x64
		{E49E7B35-4027-4E55-95D8-7EAA5AD4EDE8}.Debug|x64.Build.0 = Debug|x64
		{E49E7B35-4027-4E55-95D8-7EAA5AD4EDE8}.Debug|x86.ActiveCfg = Debug|Win32
		{E49E7B35-4027-4E55-95D8-7EAA5AD4EDE8}.Debug|x86.Build.0 = Debug|Win32
		{E49E7B35-4027-4E55-95D8-7EAA5AD4EDE8}.Release|x64.ActiveCfg = Release|x64
		{E49E7B35-4027-4E55-95D8-7EAA5AD4EDE8}.Release|x64.Build.0 = Release|x64
		{E49E7B35-4027-4E55-95D8-7EAA5AD4EDE8}.Release|x86.ActiveCfg = Release|Win32
		{E49E7B35-4027-4E55-95D8-7EAA5AD4EDE8}.Release|x86.Build.0 = Release|Win32
	EndGlobalSection
	GlobalSection(SolutionProperties) = preSolution
		HideSolutionNode = FALSE
	EndGlobalSection
	GlobalSection(ExtensibilityGlobals) = postSolution
		SolutionGuid = {35228B6E-CEB1-4D6A-85BD-0DF9FAC97397}
	EndGlobalSection
EndGlobal
